
Microsoft Visual Studio Solution File, Format Version 12.00
# Visual Studio Version 17
VisualStudioVersion = 17.2.32616.157
MinimumVisualStudioVersion = 10.0.40219.1
Project("{FAE04EC0-301F-11D3-BF4B-00C04F79EFBC}") = "SlavaCShrap", "SlavaCShrap\SlavaCShrap.csproj", "{917BDF97-97C9-45A8-8004-33395DC84B0F}"
EndProject
Project("{FAE04EC0-301F-11D3-BF4B-00C04F79EFBC}") = "slava2", "slava2\slava2.csproj", "{CD47F416-A02B-421B-8864-575BD2DD701A}"
EndProject
Global
	GlobalSection(SolutionConfigurationPlatforms) = preSolution
		Debug|Any CPU = Debug|Any CPU
		Release|Any CPU = Release|Any CPU
	EndGlobalSection
	GlobalSection(ProjectConfigurationPlatforms) = postSolution
		{917BDF97-97C9-45A8-8004-33395DC84B0F}.Debug|Any CPU.ActiveCfg = Debug|Any CPU
		{917BDF97-97C9-45A8-8004-33395DC84B0F}.Debug|Any CPU.Build.0 = Debug|Any CPU
		{917BDF97-97C9-45A8-8004-33395DC84B0F}.Release|Any CPU.ActiveCfg = Release|Any CPU
		{917BDF97-97C9-45A8-8004-33395DC84B0F}.Release|Any CPU.Build.0 = Release|Any CPU
		{CD47F416-A02B-421B-8864-575BD2DD701A}.Debug|Any CPU.ActiveCfg = Debug|Any CPU
		{CD47F416-A02B-421B-8864-575BD2DD701A}.Debug|Any CPU.Build.0 = Debug|Any CPU
		{CD47F416-A02B-421B-8864-575BD2DD701A}.Release|Any CPU.ActiveCfg = Release|Any CPU
		{CD47F416-A02B-421B-8864-575BD2DD701A}.Release|Any CPU.Build.0 = Release|Any CPU
	EndGlobalSection
	GlobalSection(SolutionProperties) = preSolution
		HideSolutionNode = FALSE
	EndGlobalSection
	GlobalSection(ExtensibilityGlobals) = postSolution
		SolutionGuid = {340BFD3E-2C12-409F-9A1D-84D350EA797C}
	EndGlobalSection
EndGlobal
